// !$*UTF8*$!
{
	archiveVersion = 1;
	classes = {
	};
	objectVersion = 46;
	objects = {

/* Begin PBXBuildFile section */
		E8AFD569163A01BC00D4891D /* CalculatorBrain.m in Sources */ = {isa = PBXBuildFile; fileRef = E8AFD568163A01BC00D4891D /* CalculatorBrain.m */; };
		E8C1F3401632DBA500B38C66 /* UIKit.framework in Frameworks */ = {isa = PBXBuildFile; fileRef = E8C1F33F1632DBA500B38C66 /* UIKit.framework */; };
		E8C1F3421632DBA500B38C66 /* Foundation.framework in Frameworks */ = {isa = PBXBuildFile; fileRef = E8C1F3411632DBA500B38C66 /* Foundation.framework */; };
		E8C1F3441632DBA500B38C66 /* CoreGraphics.framework in Frameworks */ = {isa = PBXBuildFile; fileRef = E8C1F3431632DBA500B38C66 /* CoreGraphics.framework */; };
		E8C1F34A1632DBA500B38C66 /* InfoPlist.strings in Resources */ = {isa = PBXBuildFile; fileRef = E8C1F3481632DBA500B38C66 /* InfoPlist.strings */; };
		E8C1F34C1632DBA500B38C66 /* main.m in Sources */ = {isa = PBXBuildFile; fileRef = E8C1F34B1632DBA500B38C66 /* main.m */; };
		E8C1F3501632DBA500B38C66 /* AppDelegate.m in Sources */ = {isa = PBXBuildFile; fileRef = E8C1F34F1632DBA500B38C66 /* AppDelegate.m */; };
		E8C1F3531632DBA500B38C66 /* MainStoryboard.storyboard in Resources */ = {isa = PBXBuildFile; fileRef = E8C1F3511632DBA500B38C66 /* MainStoryboard.storyboard */; };
		E8C1F3561632DBA500B38C66 /* ViewController.m in Sources */ = {isa = PBXBuildFile; fileRef = E8C1F3551632DBA500B38C66 /* ViewController.m */; };
		E8DEB0EE1657C8C0006B062F /* Default-568h@2x.png in Resources */ = {isa = PBXBuildFile; fileRef = E8DEB0ED1657C8C0006B062F /* Default-568h@2x.png */; };
/* End PBXBuildFile section */

/* Begin PBXFileReference section */
		E8AFD567163A01BC00D4891D /* CalculatorBrain.h */ = {isa = PBXFileReference; fileEncoding = 4; lastKnownFileType = sourcecode.c.h; path = CalculatorBrain.h; sourceTree = "<group>"; };
		E8AFD568163A01BC00D4891D /* CalculatorBrain.m */ = {isa = PBXFileReference; fileEncoding = 4; lastKnownFileType = sourcecode.c.objc; path = CalculatorBrain.m; sourceTree = "<group>"; };
		E8C1F33B1632DBA500B38C66 /* Calculator.app */ = {isa = PBXFileReference; explicitFileType = wrapper.application; includeInIndex = 0; path = Calculator.app; sourceTree = BUILT_PRODUCTS_DIR; };
		E8C1F33F1632DBA500B38C66 /* UIKit.framework */ = {isa = PBXFileReference; lastKnownFileType = wrapper.framework; name = UIKit.framework; path = System/Library/Frameworks/UIKit.framework; sourceTree = SDKROOT; };
		E8C1F3411632DBA500B38C66 /* Foundation.framework */ = {isa = PBXFileReference; lastKnownFileType = wrapper.framework; name = Foundation.framework; path = System/Library/Frameworks/Foundation.framework; sourceTree = SDKROOT; };
		E8C1F3431632DBA500B38C66 /* CoreGraphics.framework */ = {isa = PBXFileReference; lastKnownFileType = wrapper.framework; name = CoreGraphics.framework; path = System/Library/Frameworks/CoreGraphics.framework; sourceTree = SDKROOT; };
		E8C1F3471632DBA500B38C66 /* Calculator-Info.plist */ = {isa = PBXFileReference; lastKnownFileType = text.plist.xml; path = "Calculator-Info.plist"; sourceTree = "<group>"; };
		E8C1F3491632DBA500B38C66 /* en */ = {isa = PBXFileReference; lastKnownFileType = text.plist.strings; name = en; path = en.lproj/InfoPlist.strings; sourceTree = "<group>"; };
		E8C1F34B1632DBA500B38C66 /* main.m */ = {isa = PBXFileReference; lastKnownFileType = sourcecode.c.objc; path = main.m; sourceTree = "<group>"; };
		E8C1F34D1632DBA500B38C66 /* Calculator-Prefix.pch */ = {isa = PBXFileReference; lastKnownFileType = sourcecode.c.h; path = "Calculator-Prefix.pch"; sourceTree = "<group>"; };
		E8C1F34E1632DBA500B38C66 /* AppDelegate.h */ = {isa = PBXFileReference; lastKnownFileType = sourcecode.c.h; path = AppDelegate.h; sourceTree = "<group>"; };
		E8C1F34F1632DBA500B38C66 /* AppDelegate.m */ = {isa = PBXFileReference; lastKnownFileType = sourcecode.c.objc; path = AppDelegate.m; sourceTree = "<group>"; };
		E8C1F3521632DBA500B38C66 /* en */ = {isa = PBXFileReference; lastKnownFileType = file.storyboard; name = en; path = en.lproj/MainStoryboard.storyboard; sourceTree = "<group>"; };
		E8C1F3541632DBA500B38C66 /* ViewController.h */ = {isa = PBXFileReference; lastKnownFileType = sourcecode.c.h; path = ViewController.h; sourceTree = "<group>"; };
		E8C1F3551632DBA500B38C66 /* ViewController.m */ = {isa = PBXFileReference; lastKnownFileType = sourcecode.c.objc; path = ViewController.m; sourceTree = "<group>"; };
		E8DEB0ED1657C8C0006B062F /* Default-568h@2x.png */ = {isa = PBXFileReference; lastKnownFileType = image.png; path = "Default-568h@2x.png"; sourceTree = "<group>"; };
/* End PBXFileReference section */

/* Begin PBXFrameworksBuildPhase section */
		E8C1F3381632DBA500B38C66 /* Frameworks */ = {
			isa = PBXFrameworksBuildPhase;
			buildActionMask = 2147483647;
			files = (
				E8C1F3401632DBA500B38C66 /* UIKit.framework in Frameworks */,
				E8C1F3421632DBA500B38C66 /* Foundation.framework in Frameworks */,
				E8C1F3441632DBA500B38C66 /* CoreGraphics.framework in Frameworks */,
			);
			runOnlyForDeploymentPostprocessing = 0;
		};
/* End PBXFrameworksBuildPhase section */

/* Begin PBXGroup section */
		E8C1F3301632DBA500B38C66 = {
			isa = PBXGroup;
			children = (
				E8DEB0ED1657C8C0006B062F /* Default-568h@2x.png */,
				E8C1F3451632DBA500B38C66 /* Calculator */,
				E8C1F33E1632DBA500B38C66 /* Frameworks */,
				E8C1F33C1632DBA500B38C66 /* Products */,
			);
			sourceTree = "<group>";
		};
		E8C1F33C1632DBA500B38C66 /* Products */ = {
			isa = PBXGroup;
			children = (
				E8C1F33B1632DBA500B38C66 /* Calculator.app */,
			);
			name = Products;
			sourceTree = "<group>";
		};
		E8C1F33E1632DBA500B38C66 /* Frameworks */ = {
			isa = PBXGroup;
			children = (
				E8C1F33F1632DBA500B38C66 /* UIKit.framework */,
				E8C1F3411632DBA500B38C66 /* Foundation.framework */,
				E8C1F3431632DBA500B38C66 /* CoreGraphics.framework */,
			);
			name = Frameworks;
			sourceTree = "<group>";
		};
		E8C1F3451632DBA500B38C66 /* Calculator */ = {
			isa = PBXGroup;
			children = (
				E8C1F34E1632DBA500B38C66 /* AppDelegate.h */,
				E8C1F34F1632DBA500B38C66 /* AppDelegate.m */,
				E8C1F3511632DBA500B38C66 /* MainStoryboard.storyboard */,
				E8AFD567163A01BC00D4891D /* CalculatorBrain.h */,
				E8AFD568163A01BC00D4891D /* CalculatorBrain.m */,
				E8C1F3541632DBA500B38C66 /* ViewController.h */,
				E8C1F3551632DBA500B38C66 /* ViewController.m */,
				E8C1F3461632DBA500B38C66 /* Supporting Files */,
			);
			path = Calculator;
			sourceTree = "<group>";
		};
		E8C1F3461632DBA500B38C66 /* Supporting Files */ = {
			isa = PBXGroup;
			children = (
				E8C1F3471632DBA500B38C66 /* Calculator-Info.plist */,
				E8C1F3481632DBA500B38C66 /* InfoPlist.strings */,
				E8C1F34B1632DBA500B38C66 /* main.m */,
				E8C1F34D1632DBA500B38C66 /* Calculator-Prefix.pch */,
			);
			name = "Supporting Files";
			sourceTree = "<group>";
		};
/* End PBXGroup section */

/* Begin PBXNativeTarget section */
		E8C1F33A1632DBA500B38C66 /* Calculator */ = {
			isa = PBXNativeTarget;
			buildConfigurationList = E8C1F3591632DBA500B38C66 /* Build configuration list for PBXNativeTarget "Calculator" */;
			buildPhases = (
				E8C1F3371632DBA500B38C66 /* Sources */,
				E8C1F3381632DBA500B38C66 /* Frameworks */,
				E8C1F3391632DBA500B38C66 /* Resources */,
			);
			buildRules = (
			);
			dependencies = (
			);
			name = Calculator;
			productName = Calculator;
			productReference = E8C1F33B1632DBA500B38C66 /* Calculator.app */;
			productType = "com.apple.product-type.application";
		};
/* End PBXNativeTarget section */

/* Begin PBXProject section */
		E8C1F3321632DBA500B38C66 /* Project object */ = {
			isa = PBXProject;
			attributes = {
				LastUpgradeCheck = 0440;
				ORGANIZATIONNAME = "Hai-Tan Le";
			};
			buildConfigurationList = E8C1F3351632DBA500B38C66 /* Build configuration list for PBXProject "Calculator" */;
			compatibilityVersion = "Xcode 3.2";
			developmentRegion = English;
			hasScannedForEncodings = 0;
			knownRegions = (
				en,
			);
			mainGroup = E8C1F3301632DBA500B38C66;
			productRefGroup = E8C1F33C1632DBA500B38C66 /* Products */;
			projectDirPath = "";
			projectRoot = "";
			targets = (
				E8C1F33A1632DBA500B38C66 /* Calculator */,
			);
		};
/* End PBXProject section */

/* Begin PBXResourcesBuildPhase section */
		E8C1F3391632DBA500B38C66 /* Resources */ = {
			isa = PBXResourcesBuildPhase;
			buildActionMask = 2147483647;
			files = (
				E8C1F34A1632DBA500B38C66 /* InfoPlist.strings in Resources */,
				E8C1F3531632DBA500B38C66 /* MainStoryboard.storyboard in Resources */,
				E8DEB0EE1657C8C0006B062F /* Default-568h@2x.png in Resources */,
			);
			runOnlyForDeploymentPostprocessing = 0;
		};
/* End PBXResourcesBuildPhase section */

/* Begin PBXSourcesBuildPhase section */
		E8C1F3371632DBA500B38C66 /* Sources */ = {
			isa = PBXSourcesBuildPhase;
			buildActionMask = 2147483647;
			files = (
				E8C1F34C1632DBA500B38C66 /* main.m in Sources */,
				E8C1F3501632DBA500B38C66 /* AppDelegate.m in Sources */,
				E8C1F3561632DBA500B38C66 /* ViewController.m in Sources */,
				E8AFD569163A01BC00D4891D /* CalculatorBrain.m in Sources */,
			);
			runOnlyForDeploymentPostprocessing = 0;
		};
/* End PBXSourcesBuildPhase section */

/* Begin PBXVariantGroup section */
		E8C1F3481632DBA500B38C66 /* InfoPlist.strings */ = {
			isa = PBXVariantGroup;
			children = (
				E8C1F3491632DBA500B38C66 /* en */,
			);
			name = InfoPlist.strings;
			sourceTree = "<group>";
		};
		E8C1F3511632DBA500B38C66 /* MainStoryboard.storyboard */ = {
			isa = PBXVariantGroup;
			children = (
				E8C1F3521632DBA500B38C66 /* en */,
			);
			name = MainStoryboard.storyboard;
			sourceTree = "<group>";
		};
/* End PBXVariantGroup section */

/* Begin XCBuildConfiguration section */
		E8C1F3571632DBA500B38C66 /* Debug */ = {
			isa = XCBuildConfiguration;
			buildSettings = {
				ALWAYS_SEARCH_USER_PATHS = NO;
				ARCHS = "$(ARCHS_STANDARD_32_BIT)";
				CLANG_CXX_LANGUAGE_STANDARD = "gnu++0x";
				CLANG_ENABLE_OBJC_ARC = YES;
				CLANG_WARN__DUPLICATE_METHOD_MATCH = YES;
				"CODE_SIGN_IDENTITY[sdk=iphoneos*]" = "iPhone Developer";
				COPY_PHASE_STRIP = NO;
				GCC_C_LANGUAGE_STANDARD = gnu99;
				GCC_DYNAMIC_NO_PIC = NO;
				GCC_OPTIMIZATION_LEVEL = 0;
				GCC_PREPROCESSOR_DEFINITIONS = (
					"DEBUG=1",
					"$(inherited)",
				);
				GCC_SYMBOLS_PRIVATE_EXTERN = NO;
				GCC_VERSION = com.apple.compilers.llvm.clang.1_0;
				GCC_WARN_ABOUT_RETURN_TYPE = YES;
				GCC_WARN_UNINITIALIZED_AUTOS = YES;
				GCC_WARN_UNUSED_VARIABLE = YES;
				IPHONEOS_DEPLOYMENT_TARGET = 5.1;
				SDKROOT = iphoneos;
			};
			name = Debug;
		};
		E8C1F3581632DBA500B38C66 /* Release */ = {
			isa = XCBuildConfiguration;
			buildSettings = {
				ALWAYS_SEARCH_USER_PATHS = NO;
				ARCHS = "$(ARCHS_STANDARD_32_BIT)";
				CLANG_CXX_LANGUAGE_STANDARD = "gnu++0x";
				CLANG_ENABLE_OBJC_ARC = YES;
				CLANG_WARN__DUPLICATE_METHOD_MATCH = YES;
				"CODE_SIGN_IDENTITY[sdk=iphoneos*]" = "iPhone Developer";
				COPY_PHASE_STRIP = YES;
				GCC_C_LANGUAGE_STANDARD = gnu99;
				GCC_VERSION = com.apple.compilers.llvm.clang.1_0;
				GCC_WARN_ABOUT_RETURN_TYPE = YES;
				GCC_WARN_UNINITIALIZED_AUTOS = YES;
				GCC_WARN_UNUSED_VARIABLE = YES;
				IPHONEOS_DEPLOYMENT_TARGET = 5.1;
				OTHER_CFLAGS = "-DNS_BLOCK_ASSERTIONS=1";
				SDKROOT = iphoneos;
				VALIDATE_PRODUCT = YES;
			};
			name = Release;
		};
		E8C1F35A1632DBA500B38C66 /* Debug */ = {
			isa = XCBuildConfiguration;
			buildSettings = {
				GCC_PRECOMPILE_PREFIX_HEADER = YES;
				GCC_PREFIX_HEADER = "Calculator/Calculator-Prefix.pch";
				INFOPLIST_FILE = "Calculator/Calculator-Info.plist";
				PRODUCT_NAME = "$(TARGET_NAME)";
				WRAPPER_EXTENSION = app;
			};
			name = Debug;
		};
		E8C1F35B1632DBA500B38C66 /* Release */ = {
			isa = XCBuildConfiguration;
			buildSettings = {
				GCC_PRECOMPILE_PREFIX_HEADER = YES;
				GCC_PREFIX_HEADER = "Calculator/Calculator-Prefix.pch";
				INFOPLIST_FILE = "Calculator/Calculator-Info.plist";
				PRODUCT_NAME = "$(TARGET_NAME)";
				WRAPPER_EXTENSION = app;
			};
			name = Release;
		};
/* End XCBuildConfiguration section */

/* Begin XCConfigurationList section */
		E8C1F3351632DBA500B38C66 /* Build configuration list for PBXProject "Calculator" */ = {
			isa = XCConfigurationList;
			buildConfigurations = (
				E8C1F3571632DBA500B38C66 /* Debug */,
				E8C1F3581632DBA500B38C66 /* Release */,
			);
			defaultConfigurationIsVisible = 0;
			defaultConfigurationName = Release;
		};
		E8C1F3591632DBA500B38C66 /* Build configuration list for PBXNativeTarget "Calculator" */ = {
			isa = XCConfigurationList;
			buildConfigurations = (
				E8C1F35A1632DBA500B38C66 /* Debug */,
				E8C1F35B1632DBA500B38C66 /* Release */,
			);
			defaultConfigurationIsVisible = 0;
			defaultConfigurationName = Release;
		};
/* End XCConfigurationList section */
	};
	rootObject = E8C1F3321632DBA500B38C66 /* Project object */;
}
